# THIS IS AN AUTOGENERATED FILE. DO NOT EDIT THIS FILE DIRECTLY.
# yarn lockfile v1


"@cspotcode/source-map-support@^0.8.0":
  version "0.8.1"
  resolved "https://registry.yarnpkg.com/@cspotcode/source-map-support/-/source-map-support-0.8.1.tgz#00629c35a688e05a88b1cda684fb9d5e73f000a1"
  integrity sha512-IchNf6dN4tHoMFIn/7OE8LWZ19Y6q/67Bmf6vnGREv8RSbBVb9LPJxEcnwrcwX6ixSvaiGoomAUvu4YSxXrVgw==
  dependencies:
    "@jridgewell/trace-mapping" "0.3.9"

"@faker-js/faker@^8.0.2":
  version "8.4.0"
  resolved "https://registry.yarnpkg.com/@faker-js/faker/-/faker-8.4.0.tgz#dc09924ee5fa6438eaaa49d0a8820c64d2f8518f"
  integrity sha512-htW87352wzUCdX1jyUQocUcmAaFqcR/w082EC8iP/gtkF0K+aKcBp0hR5Arb7dzR8tQ1TrhE9DNa5EbJELm84w==

"@jridgewell/resolve-uri@^3.0.3":
  version "3.1.0"
  resolved "https://registry.yarnpkg.com/@jridgewell/resolve-uri/-/resolve-uri-3.1.0.tgz#2203b118c157721addfe69d47b70465463066d78"
  integrity sha512-F2msla3tad+Mfht5cJq7LSXcdudKTWCVYUgw6pLFOOHSTtZlj6SWNYAp+AhuqLmWdBO2X5hPrLcu8cVP8fy28w==

"@jridgewell/sourcemap-codec@^1.4.10":
  version "1.4.14"
  resolved "https://registry.yarnpkg.com/@jridgewell/sourcemap-codec/-/sourcemap-codec-1.4.14.tgz#add4c98d341472a289190b424efbdb096991bb24"
  integrity sha512-XPSJHWmi394fuUuzDnGz1wiKqWfo1yXecHQMRf2l6hztTO+nPru658AyDngaBe7isIxEkRsPR3FZh+s7iVa4Uw==

"@jridgewell/trace-mapping@0.3.9":
  version "0.3.9"
  resolved "https://registry.yarnpkg.com/@jridgewell/trace-mapping/-/trace-mapping-0.3.9.tgz#6534fd5933a53ba7cbf3a17615e273a0d1273ff9"
  integrity sha512-3Belt6tdc8bPgAtbcmdtNJlirVoTmEb5e2gC94PnkwEW9jI6CAHUeoG85tjWP5WquqfavoMtMwiG4P926ZKKuQ==
  dependencies:
    "@jridgewell/resolve-uri" "^3.0.3"
    "@jridgewell/sourcemap-codec" "^1.4.10"

"@prisma/client@^5.0.0":
  version "5.0.0"
  resolved "https://registry.yarnpkg.com/@prisma/client/-/client-5.0.0.tgz#9f0cd4164f4ffddb28bb1811c27eb7fa1e01a087"
  integrity sha512-XlO5ELNAQ7rV4cXIDJUNBEgdLwX3pjtt9Q/RHqDpGf43szpNJx2hJnggfFs7TKNx0cOFsl6KJCSfqr5duEU/bQ==
  dependencies:
    "@prisma/engines-version" "4.17.0-26.6b0aef69b7cdfc787f822ecd7cdc76d5f1991584"

"@prisma/client@^5.8.1":
  version "5.8.1"
  resolved "https://registry.yarnpkg.com/@prisma/client/-/client-5.8.1.tgz#7815ec51c0ca2a6de219c02e7846701ae3baf240"
  integrity sha512-xQtMPfbIwLlbm0VVIVQY2yqQVOxPwRQhvIp7Z3m2900g1bu/zRHKhYZJQWELqmjl6d8YwBy0K2NvMqh47v1ubw==

"@prisma/debug@5.8.1":
  version "5.8.1"
  resolved "https://registry.yarnpkg.com/@prisma/debug/-/debug-5.8.1.tgz#704daa36919b0fc4d227260ecebfa1c94b155b07"
  integrity sha512-tjuw7eA0Us3T42jx9AmAgL58rzwzpFGYc3R7Y4Ip75EBYrKMBA1YihuWMcBC92ILmjlQ/u3p8VxcIE0hr+fZfg==

"@prisma/engines-version@4.17.0-26.6b0aef69b7cdfc787f822ecd7cdc76d5f1991584":
  version "4.17.0-26.6b0aef69b7cdfc787f822ecd7cdc76d5f1991584"
  resolved "https://registry.yarnpkg.com/@prisma/engines-version/-/engines-version-4.17.0-26.6b0aef69b7cdfc787f822ecd7cdc76d5f1991584.tgz#b36eda5620872d3fac810c302a7e46cf41daa033"
  integrity sha512-HHiUF6NixsldsP3JROq07TYBLEjXFKr6PdH8H4gK/XAoTmIplOJBCgrIUMrsRAnEuGyRoRLXKXWUb943+PFoKQ==

"@prisma/engines-version@5.8.1-1.78caf6feeaed953168c64e15a249c3e9a033ebe2":
  version "5.8.1-1.78caf6feeaed953168c64e15a249c3e9a033ebe2"
  resolved "https://registry.yarnpkg.com/@prisma/engines-version/-/engines-version-5.8.1-1.78caf6feeaed953168c64e15a249c3e9a033ebe2.tgz#f600a45afc4cf0c0356b6ed90add6050fa3f3239"
  integrity sha512-f5C3JM3l9yhGr3cr4FMqWloFaSCpNpMi58Om22rjD2DOz3owci2mFdFXMgnAGazFPKrCbbEhcxdsRfspEYRoFQ==

"@prisma/engines@5.0.0":
  version "5.0.0"
  resolved "https://registry.yarnpkg.com/@prisma/engines/-/engines-5.0.0.tgz#5249650eabe77c458c90f2be97d8210353c2e22e"
  integrity sha512-kyT/8fd0OpWmhAU5YnY7eP31brW1q1YrTGoblWrhQJDiN/1K+Z8S1kylcmtjqx5wsUGcP1HBWutayA/jtyt+sg==

"@prisma/engines@5.8.1":
  version "5.8.1"
  resolved "https://registry.yarnpkg.com/@prisma/engines/-/engines-5.8.1.tgz#b850751f5bf7d5e570b9fe16cefdc2b1fd2c02c3"
  integrity sha512-TJgYLRrZr56uhqcXO4GmP5be+zjCIHtLDK20Cnfg+o9d905hsN065QOL+3Z0zQAy6YD31Ol4u2kzSfRmbJv/uA==
  dependencies:
    "@prisma/debug" "5.8.1"
    "@prisma/engines-version" "5.8.1-1.78caf6feeaed953168c64e15a249c3e9a033ebe2"
    "@prisma/fetch-engine" "5.8.1"
    "@prisma/get-platform" "5.8.1"

"@prisma/fetch-engine@5.8.1":
  version "5.8.1"
  resolved "https://registry.yarnpkg.com/@prisma/fetch-engine/-/fetch-engine-5.8.1.tgz#38bb92f1fbd3669340a3cc49fce403ab4df671dd"
  integrity sha512-+bgjjoSFa6uYEbAPlklfoVSStOEfcpheOjoBoNsNNSQdSzcwE2nM4Q0prun0+P8/0sCHo18JZ9xqa8gObvgOUw==
  dependencies:
    "@prisma/debug" "5.8.1"
    "@prisma/engines-version" "5.8.1-1.78caf6feeaed953168c64e15a249c3e9a033ebe2"
    "@prisma/get-platform" "5.8.1"

"@prisma/generator-helper@5.8.1", "@prisma/generator-helper@^5.8.1":
  version "5.8.1"
  resolved "https://registry.yarnpkg.com/@prisma/generator-helper/-/generator-helper-5.8.1.tgz#11d226bf004839763375303a7a081913796df06b"
  integrity sha512-2EDd0o+GHfbX1dtw5BnfOz3hQB7AtYrwe4YNiKfo2UDBvB/ne/ChZa3b/vBm/GKpjW2Xaymct8D9oIHev3juzQ==
  dependencies:
    "@prisma/debug" "5.8.1"

"@prisma/get-platform@5.8.1":
  version "5.8.1"
  resolved "https://registry.yarnpkg.com/@prisma/get-platform/-/get-platform-5.8.1.tgz#8cd450b65a52a5a6ed5b2f52457136a492c0f251"
  integrity sha512-wnA+6HTFcY+tkykMokix9GiAkaauPC5W/gg0O5JB0J8tCTNWrqpnQ7AsaGRfkYUbeOIioh6woDjQrGTTRf1Zag==
  dependencies:
    "@prisma/debug" "5.8.1"

"@prisma/internals@^5.8.1":
  version "5.8.1"
  resolved "https://registry.yarnpkg.com/@prisma/internals/-/internals-5.8.1.tgz#cb73784f64846a65efe74f5f563ec8908ac857e9"
  integrity sha512-9okoCgLeMqql58IbEG3YmzgNLRUQdN+qZUYp2DojWC7VAmL9TSOKQ5Dcc0588cKAsCBBDUQ2jfdflorYkzeFKw==
  dependencies:
    "@prisma/debug" "5.8.1"
    "@prisma/engines" "5.8.1"
    "@prisma/fetch-engine" "5.8.1"
    "@prisma/generator-helper" "5.8.1"
    "@prisma/get-platform" "5.8.1"
    "@prisma/prisma-schema-wasm" "5.8.1-1.78caf6feeaed953168c64e15a249c3e9a033ebe2"
    arg "5.0.2"
    prompts "2.4.2"

"@prisma/prisma-schema-wasm@5.8.1-1.78caf6feeaed953168c64e15a249c3e9a033ebe2":
  version "5.8.1-1.78caf6feeaed953168c64e15a249c3e9a033ebe2"
  resolved "https://registry.yarnpkg.com/@prisma/prisma-schema-wasm/-/prisma-schema-wasm-5.8.1-1.78caf6feeaed953168c64e15a249c3e9a033ebe2.tgz#978a1a9187477a1cda50cac65aa2d26ef8b08f0b"
  integrity sha512-UAJANliORe2V/s7yDMx5EKOCj2PIbwX7yusKckxMBDb+ozaQF31c3CBwnZW/ZEdhBoZjrKw8bQlqwZudWXmiKA==

"@tsconfig/node10@^1.0.7":
  version "1.0.9"
  resolved "https://registry.yarnpkg.com/@tsconfig/node10/-/node10-1.0.9.tgz#df4907fc07a886922637b15e02d4cebc4c0021b2"
  integrity sha512-jNsYVVxU8v5g43Erja32laIDHXeoNvFEpX33OK4d6hljo3jDhCBDhx5dhCCTMWUojscpAagGiRkBKxpdl9fxqA==

"@tsconfig/node12@^1.0.7":
  version "1.0.11"
  resolved "https://registry.yarnpkg.com/@tsconfig/node12/-/node12-1.0.11.tgz#ee3def1f27d9ed66dac6e46a295cffb0152e058d"
  integrity sha512-cqefuRsh12pWyGsIoBKJA9luFu3mRxCA+ORZvA4ktLSzIuCUtWVxGIuXigEwO5/ywWFMZ2QEGKWvkZG1zDMTag==

"@tsconfig/node14@^1.0.0":
  version "1.0.3"
  resolved "https://registry.yarnpkg.com/@tsconfig/node14/-/node14-1.0.3.tgz#e4386316284f00b98435bf40f72f75a09dabf6c1"
  integrity sha512-ysT8mhdixWK6Hw3i1V2AeRqZ5WfXg1G43mqoYlM2nc6388Fq5jcXyr5mRsqViLx/GJYdoL0bfXD8nmF+Zn/Iow==

"@tsconfig/node16@^1.0.2":
  version "1.0.3"
  resolved "https://registry.yarnpkg.com/@tsconfig/node16/-/node16-1.0.3.tgz#472eaab5f15c1ffdd7f8628bd4c4f753995ec79e"
  integrity sha512-yOlFc+7UtL/89t2ZhjPvvB/DeAr3r+Dq58IgzsFkOAvVC6NMJXmCGjbptdXdR9qsX7pKcTL+s87FtYREi2dEEQ==

"@types/node@18.15.11":
  version "18.15.11"
  resolved "https://registry.yarnpkg.com/@types/node/-/node-18.15.11.tgz#b3b790f09cb1696cffcec605de025b088fa4225f"
  integrity sha512-E5Kwq2n4SbMzQOn6wnmBjuK9ouqlURrcZDVfbo9ftDDTFt3nk7ZKK4GMOzoYgnpQJKcxwQw+lGaBvvlMo0qN/Q==

acorn-walk@^8.1.1:
  version "8.2.0"
  resolved "https://registry.yarnpkg.com/acorn-walk/-/acorn-walk-8.2.0.tgz#741210f2e2426454508853a2f44d0ab83b7f69c1"
  integrity sha512-k+iyHEuPgSw6SbuDpGQM+06HQUa04DZ3o+F6CSzXMvvI5KMvnaEqXe+YVe555R9nn6GPt404fos4wcgpw12SDA==

acorn@^8.4.1:
  version "8.8.2"
  resolved "https://registry.yarnpkg.com/acorn/-/acorn-8.8.2.tgz#1b2f25db02af965399b9776b0c2c391276d37c4a"
  integrity sha512-xjIYgE8HBrkpd/sJqOGNspf8uHG+NOHGOw6a/Urj8taM2EXfdNAH2oFcPeIFfsv3+kz/mJrS5VuMqbNLjCa2vw==

arg@5.0.2:
  version "5.0.2"
  resolved "https://registry.yarnpkg.com/arg/-/arg-5.0.2.tgz#c81433cc427c92c4dcf4865142dbca6f15acd59c"
  integrity sha512-PYjyFOLKQ9y57JvQ6QLo8dAgNqswh8M1RMJYdQduT6xbWSgK36P/Z/v+p888pM69jMMfS8Xd8F6I1kQ/I9HUGg==

arg@^4.1.0:
  version "4.1.3"
  resolved "https://registry.yarnpkg.com/arg/-/arg-4.1.3.tgz#269fc7ad5b8e42cb63c896d5666017261c144089"
  integrity sha512-58S9QDqG0Xx27YwPSt9fJxivjYl432YCwfDMfZ+71RAqUrZef7LrKQZ3LHLOwCS4FLNBplP533Zx895SeOCHvA==

create-require@^1.1.0:
  version "1.1.1"
  resolved "https://registry.yarnpkg.com/create-require/-/create-require-1.1.1.tgz#c1d7e8f1e5f6cfc9ff65f9cd352d37348756c333"
  integrity sha512-dcKFX3jn0MpIaXjisoRvexIJVEKzaq7z2rZKxf+MSr9TkdmHmsU4m2lcLojrj/FHl8mk5VxMmYA+ftRkP/3oKQ==

decimal.js@^10.4.3:
  version "10.4.3"
  resolved "https://registry.yarnpkg.com/decimal.js/-/decimal.js-10.4.3.tgz#1044092884d245d1b7f65725fa4ad4c6f781cc23"
  integrity sha512-VBBaLc1MgL5XpzgIP7ny5Z6Nx3UrRkIViUkPUdtl9aya5amy3De1gsUUSB1g3+3sExYNjCAsAznmukyxCb1GRA==

diff@^4.0.1:
  version "4.0.2"
  resolved "https://registry.yarnpkg.com/diff/-/diff-4.0.2.tgz#60f3aecb89d5fae520c11aa19efc2bb982aade7d"
  integrity sha512-58lmxKSA4BNyLz+HHMUzlOEpg09FV+ev6ZMe3vJihgdxzgcwZ8VoEEPmALCZG9LmqfVoNMMKpttIYTVG6uDY7A==

kleur@^3.0.3:
  version "3.0.3"
  resolved "https://registry.yarnpkg.com/kleur/-/kleur-3.0.3.tgz#a79c9ecc86ee1ce3fa6206d1216c501f147fc07e"
  integrity sha512-eTIzlVOSUR+JxdDFepEYcBMtZ9Qqdef+rnzWdRZuMbOywu5tO2w2N7rqjoANZ5k9vywhL6Br1VRjUIgTQx4E8w==

make-error@^1.1.1:
  version "1.3.6"
  resolved "https://registry.yarnpkg.com/make-error/-/make-error-1.3.6.tgz#2eb2e37ea9b67c4891f684a1394799af484cf7a2"
  integrity sha512-s8UhlNe7vPKomQhC1qFelMokr/Sc3AgNbso3n74mVPA5LTZwkB9NlXf4XPamLxJE8h0gh73rM94xvwRT2CVInw==

"prisma-generator-fake-data@file:..":
  version "0.14.0"
  dependencies:
    "@faker-js/faker" "^8.0.2"
    "@prisma/client" "^5.8.1"
    "@prisma/generator-helper" "^5.8.1"
    "@prisma/internals" "^5.8.1"
    decimal.js "^10.4.3"
    tiny-invariant "^1.3.1"

prisma@^5.0.0:
  version "5.0.0"
  resolved "https://registry.yarnpkg.com/prisma/-/prisma-5.0.0.tgz#f6571c46dc2478172cb7bc1bb62d74026a2c2630"
  integrity sha512-KYWk83Fhi1FH59jSpavAYTt2eoMVW9YKgu8ci0kuUnt6Dup5Qy47pcB4/TLmiPAbhGrxxSz7gsSnJcCmkyPANA==
  dependencies:
    "@prisma/engines" "5.0.0"

prompts@2.4.2:
  version "2.4.2"
  resolved "https://registry.yarnpkg.com/prompts/-/prompts-2.4.2.tgz#7b57e73b3a48029ad10ebd44f74b01722a4cb069"
  integrity sha512-NxNv/kLguCA7p3jE8oL2aEBsrJWgAakBpgmgK6lpPWV+WuOmY6r2/zbAVnP+T8bQlA0nzHXSJSJW0Hq7ylaD2Q==
  dependencies:
    kleur "^3.0.3"
    sisteransi "^1.0.5"

sisteransi@^1.0.5:
  version "1.0.5"
  resolved "https://registry.yarnpkg.com/sisteransi/-/sisteransi-1.0.5.tgz#134d681297756437cc05ca01370d3a7a571075ed"
  integrity sha512-bLGGlR1QxBcynn2d5YmDX4MGjlZvy2MRBDRNHLJ8VI6l6+9FUiyTFNJ0IveOSP0bcXgVDPRcfGqA0pjaqUpfVg==

tiny-invariant@^1.3.1:
  version "1.3.1"
  resolved "https://registry.yarnpkg.com/tiny-invariant/-/tiny-invariant-1.3.1.tgz#8560808c916ef02ecfd55e66090df23a4b7aa642"
  integrity sha512-AD5ih2NlSssTCwsMznbvwMZpJ1cbhkGd2uueNxzv2jDlEeZdU04JQfRnggJQ8DrcVBGjAsCKwFBbDlVNtEMlzw==

ts-node@^10.9.1:
  version "10.9.1"
  resolved "https://registry.yarnpkg.com/ts-node/-/ts-node-10.9.1.tgz#e73de9102958af9e1f0b168a6ff320e25adcff4b"
  integrity sha512-NtVysVPkxxrwFGUUxGYhfux8k78pQB3JqYBXlLRZgdGUqTO5wU/UyHop5p70iEbGhB7q5KmiZiU0Y3KlJrScEw==
  dependencies:
    "@cspotcode/source-map-support" "^0.8.0"
    "@tsconfig/node10" "^1.0.7"
    "@tsconfig/node12" "^1.0.7"
    "@tsconfig/node14" "^1.0.0"
    "@tsconfig/node16" "^1.0.2"
    acorn "^8.4.1"
    acorn-walk "^8.1.1"
    arg "^4.1.0"
    create-require "^1.1.0"
    diff "^4.0.1"
    make-error "^1.1.1"
    v8-compile-cache-lib "^3.0.1"
    yn "3.1.1"

typescript@5.0.2:
  version "5.0.2"
  resolved "https://registry.yarnpkg.com/typescript/-/typescript-5.0.2.tgz#891e1a90c5189d8506af64b9ef929fca99ba1ee5"
  integrity sha512-wVORMBGO/FAs/++blGNeAVdbNKtIh1rbBL2EyQ1+J9lClJ93KiiKe8PmFIVdXhHcyv44SL9oglmfeSsndo0jRw==

v8-compile-cache-lib@^3.0.1:
  version "3.0.1"
  resolved "https://registry.yarnpkg.com/v8-compile-cache-lib/-/v8-compile-cache-lib-3.0.1.tgz#6336e8d71965cb3d35a1bbb7868445a7c05264bf"
  integrity sha512-wa7YjyUGfNZngI/vtK0UHAN+lgDCxBPCylVXGp0zu59Fz5aiGtNXaq3DhIov063MorB+VfufLh3JlF2KdTK3xg==

yn@3.1.1:
  version "3.1.1"
  resolved "https://registry.yarnpkg.com/yn/-/yn-3.1.1.tgz#1e87401a09d767c1d5eab26a6e4c185182d2eb50"
  integrity sha512-Ux4ygGWsu2c7isFWe8Yu1YluJmqVhxqK2cLXNQA5AcC3QfbGNpM7fu0Y8b/z16pXLnFxZYvWhd3fhBY9DLmC6Q==
